
Microsoft Visual Studio Solution File, Format Version 12.00
# Visual Studio Version 17
VisualStudioVersion = 17.9.34622.214
MinimumVisualStudioVersion = 10.0.40219.1
Project("{FAE04EC0-301F-11D3-BF4B-00C04F79EFBC}") = "ElsaWorkFlowDemo", "ElsaWorkFlowDemo\ElsaWorkFlowDemo.csproj", "{A491E49F-0AF2-4EE7-BFFA-2DEA2B71C1BF}"
EndProject
Global
	GlobalSection(SolutionConfigurationPlatforms) = preSolution
		Debug|Any CPU = Debug|Any CPU
		Release|Any CPU = Release|Any CPU
	EndGlobalSection
	GlobalSection(ProjectConfigurationPlatforms) = postSolution
		{A491E49F-0AF2-4EE7-BFFA-2DEA2B71C1BF}.Debug|Any CPU.ActiveCfg = Debug|Any CPU
		{A491E49F-0AF2-4EE7-BFFA-2DEA2B71C1BF}.Debug|Any CPU.Build.0 = Debug|Any CPU
		{A491E49F-0AF2-4EE7-BFFA-2DEA2B71C1BF}.Release|Any CPU.ActiveCfg = Release|Any CPU
		{A491E49F-0AF2-4EE7-BFFA-2DEA2B71C1BF}.Release|Any CPU.Build.0 = Release|Any CPU
	EndGlobalSection
	GlobalSection(SolutionProperties) = preSolution
		HideSolutionNode = FALSE
	EndGlobalSection
	GlobalSection(ExtensibilityGlobals) = postSolution
		SolutionGuid = {1F9A8593-5B58-42E5-85B2-05E4EC8064C7}
	EndGlobalSection
EndGlobal
